
Microsoft Visual Studio Solution File, Format Version 12.00
# Visual Studio 15
VisualStudioVersion = 15.0.28010.2036
MinimumVisualStudioVersion = 10.0.40219.1
Project("{8BC9CEB8-8B4A-11D0-8D11-00A0C91BC942}") = "CStudy", "CStudy\CStudy.vcxproj", "{DB2050E8-5F3A-45A4-9FD2-253D456F42FA}"
EndProject
Project("{8BC9CEB8-8B4A-11D0-8D11-00A0C91BC942}") = "C_Part1", "C_Part1\C_Part1.vcxproj", "{A2DBF769-C581-4CCC-B802-7AE517B54F37}"
EndProject
Project("{8BC9CEB8-8B4A-11D0-8D11-00A0C91BC942}") = "C_Part2", "C_Part2\C_Part2.vcxproj", "{3D31C755-B5D4-434E-8F61-10FB7A4E7F1D}"
EndProject
Project("{8BC9CEB8-8B4A-11D0-8D11-00A0C91BC942}") = "C_Part3", "C_Part3\C_Part3.vcxproj", "{66BE63CC-F5F7-4CAE-9327-F091FB0ADB8B}"
EndProject
Project("{8BC9CEB8-8B4A-11D0-8D11-00A0C91BC942}") = "C_Part4", "C_Part4\C_Part4.vcxproj", "{03BDD602-86C1-4BC6-B6E6-717D73764B5C}"
EndProject
Project("{8BC9CEB8-8B4A-11D0-8D11-00A0C91BC942}") = "C_Part5", "C_Part5\C_Part5.vcxproj", "{B148459E-653B-4B7B-9604-E0DCF27640BC}"
EndProject
Project("{8BC9CEB8-8B4A-11D0-8D11-00A0C91BC942}") = "C_Part6", "C_Part6\C_Part6.vcxproj", "{F0894BA5-DFE4-4F95-BD15-B069BB1A1C11}"
EndProject
Global
	GlobalSection(SolutionConfigurationPlatforms) = preSolution
		Debug|x64 = Debug|x64
		Debug|x86 = Debug|x86
		Release|x64 = Release|x64
		Release|x86 = Release|x86
	EndGlobalSection
	GlobalSection(ProjectConfigurationPlatforms) = postSolution
		{DB2050E8-5F3A-45A4-9FD2-253D456F42FA}.Debug|x64.ActiveCfg = Debug|x64
		{DB2050E8-5F3A-45A4-9FD2-253D456F42FA}.Debug|x64.Build.0 = Debug|x64
		{DB2050E8-5F3A-45A4-9FD2-253D456F42FA}.Debug|x86.ActiveCfg = Debug|Win32
		{DB2050E8-5F3A-45A4-9FD2-253D456F42FA}.Debug|x86.Build.0 = Debug|Win32
		{DB2050E8-5F3A-45A4-9FD2-253D456F42FA}.Release|x64.ActiveCfg = Release|x64
		{DB2050E8-5F3A-45A4-9FD2-253D456F42FA}.Release|x64.Build.0 = Release|x64
		{DB2050E8-5F3A-45A4-9FD2-253D456F42FA}.Release|x86.ActiveCfg = Debug|Win32
		{DB2050E8-5F3A-45A4-9FD2-253D456F42FA}.Release|x86.Build.0 = Debug|Win32
		{A2DBF769-C581-4CCC-B802-7AE517B54F37}.Debug|x64.ActiveCfg = Debug|x64
		{A2DBF769-C581-4CCC-B802-7AE517B54F37}.Debug|x64.Build.0 = Debug|x64
		{A2DBF769-C581-4CCC-B802-7AE517B54F37}.Debug|x86.ActiveCfg = Debug|Win32
		{A2DBF769-C581-4CCC-B802-7AE517B54F37}.Debug|x86.Build.0 = Debug|Win32
		{A2DBF769-C581-4CCC-B802-7AE517B54F37}.Release|x64.ActiveCfg = Release|x64
		{A2DBF769-C581-4CCC-B802-7AE517B54F37}.Release|x64.Build.0 = Release|x64
		{A2DBF769-C581-4CCC-B802-7AE517B54F37}.Release|x86.ActiveCfg = Release|Win32
		{A2DBF769-C581-4CCC-B802-7AE517B54F37}.Release|x86.Build.0 = Release|Win32
		{3D31C755-B5D4-434E-8F61-10FB7A4E7F1D}.Debug|x64.ActiveCfg = Debug|x64
		{3D31C755-B5D4-434E-8F61-10FB7A4E7F1D}.Debug|x64.Build.0 = Debug|x64
		{3D31C755-B5D4-434E-8F61-10FB7A4E7F1D}.Debug|x86.ActiveCfg = Debug|Win32
		{3D31C755-B5D4-434E-8F61-10FB7A4E7F1D}.Debug|x86.Build.0 = Debug|Win32
		{3D31C755-B5D4-434E-8F61-10FB7A4E7F1D}.Release|x64.ActiveCfg = Release|x64
		{3D31C755-B5D4-434E-8F61-10FB7A4E7F1D}.Release|x64.Build.0 = Release|x64
		{3D31C755-B5D4-434E-8F61-10FB7A4E7F1D}.Release|x86.ActiveCfg = Release|Win32
		{3D31C755-B5D4-434E-8F61-10FB7A4E7F1D}.Release|x86.Build.0 = Release|Win32
		{66BE63CC-F5F7-4CAE-9327-F091FB0ADB8B}.Debug|x64.ActiveCfg = Debug|x64
		{66BE63CC-F5F7-4CAE-9327-F091FB0ADB8B}.Debug|x64.Build.0 = Debug|x64
		{66BE63CC-F5F7-4CAE-9327-F091FB0ADB8B}.Debug|x86.ActiveCfg = Debug|Win32
		{66BE63CC-F5F7-4CAE-9327-F091FB0ADB8B}.Debug|x86.Build.0 = Debug|Win32
		{66BE63CC-F5F7-4CAE-9327-F091FB0ADB8B}.Release|x64.ActiveCfg = Release|x64
		{66BE63CC-F5F7-4CAE-9327-F091FB0ADB8B}.Release|x64.Build.0 = Release|x64
		{66BE63CC-F5F7-4CAE-9327-F091FB0ADB8B}.Release|x86.ActiveCfg = Release|Win32
		{66BE63CC-F5F7-4CAE-9327-F091FB0ADB8B}.Release|x86.Build.0 = Release|Win32
		{03BDD602-86C1-4BC6-B6E6-717D73764B5C}.Debug|x64.ActiveCfg = Debug|x64
		{03BDD602-86C1-4BC6-B6E6-717D73764B5C}.Debug|x64.Build.0 = Debug|x64
		{03BDD602-86C1-4BC6-B6E6-717D73764B5C}.Debug|x86.ActiveCfg = Debug|Win32
		{03BDD602-86C1-4BC6-B6E6-717D73764B5C}.Debug|x86.Build.0 = Debug|Win32
		{03BDD602-86C1-4BC6-B6E6-717D73764B5C}.Release|x64.ActiveCfg = Release|x64
		{03BDD602-86C1-4BC6-B6E6-717D73764B5C}.Release|x64.Build.0 = Release|x64
		{03BDD602-86C1-4BC6-B6E6-717D73764B5C}.Release|x86.ActiveCfg = Release|Win32
		{03BDD602-86C1-4BC6-B6E6-717D73764B5C}.Release|x86.Build.0 = Release|Win32
		{B148459E-653B-4B7B-9604-E0DCF27640BC}.Debug|x64.ActiveCfg = Debug|x64
		{B148459E-653B-4B7B-9604-E0DCF27640BC}.Debug|x64.Build.0 = Debug|x64
		{B148459E-653B-4B7B-9604-E0DCF27640BC}.Debug|x86.ActiveCfg = Debug|Win32
		{B148459E-653B-4B7B-9604-E0DCF27640BC}.Debug|x86.Build.0 = Debug|Win32
		{B148459E-653B-4B7B-9604-E0DCF27640BC}.Release|x64.ActiveCfg = Release|x64
		{B148459E-653B-4B7B-9604-E0DCF27640BC}.Release|x64.Build.0 = Release|x64
		{B148459E-653B-4B7B-9604-E0DCF27640BC}.Release|x86.ActiveCfg = Release|Win32
		{B148459E-653B-4B7B-9604-E0DCF27640BC}.Release|x86.Build.0 = Release|Win32
		{F0894BA5-DFE4-4F95-BD15-B069BB1A1C11}.Debug|x64.ActiveCfg = Debug|x64
		{F0894BA5-DFE4-4F95-BD15-B069BB1A1C11}.Debug|x64.Build.0 = Debug|x64
		{F0894BA5-DFE4-4F95-BD15-B069BB1A1C11}.Debug|x86.ActiveCfg = Debug|Win32
		{F0894BA5-DFE4-4F95-BD15-B069BB1A1C11}.Debug|x86.Build.0 = Debug|Win32
		{F0894BA5-DFE4-4F95-BD15-B069BB1A1C11}.Release|x64.ActiveCfg = Release|x64
		{F0894BA5-DFE4-4F95-BD15-B069BB1A1C11}.Release|x64.Build.0 = Release|x64
		{F0894BA5-DFE4-4F95-BD15-B069BB1A1C11}.Release|x86.ActiveCfg = Release|Win32
		{F0894BA5-DFE4-4F95-BD15-B069BB1A1C11}.Release|x86.Build.0 = Release|Win32
	EndGlobalSection
	GlobalSection(SolutionProperties) = preSolution
		HideSolutionNode = FALSE
	EndGlobalSection
	GlobalSection(ExtensibilityGlobals) = postSolution
		SolutionGuid = {A0F360E5-8DA6-433F-9D52-9C1ACE6E7A75}
	EndGlobalSection
EndGlobal
